
Microsoft Visual Studio Solution File, Format Version 11.00
# Visual Studio 2010
Project("{FAE04EC0-301F-11D3-BF4B-00C04F79EFBC}") = "ATest", "ATest\ATest.csproj", "{5E44A89D-0145-4BB9-A241-DF8174294F23}"
EndProject
Project("{FAE04EC0-301F-11D3-BF4B-00C04F79EFBC}") = "Peamit.BackEnd.Server", "Peamit.BackEnd.Server\Peamit.BackEnd.Server.csproj", "{85F2513F-001F-4443-B44B-C00CCC247C36}"
EndProject
Project("{FAE04EC0-301F-11D3-BF4B-00C04F79EFBC}") = "Peamit.BackEnd.DataAccess", "Peamit.BackEnd.DataAccess\Peamit.BackEnd.DataAccess.csproj", "{9C7F5B78-B892-4E47-A52B-5913CB474221}"
EndProject
Project("{FAE04EC0-301F-11D3-BF4B-00C04F79EFBC}") = "Peamit.BackEnd.Model", "Peamit.BackEnd.Model\Peamit.BackEnd.Model.csproj", "{5775AE8D-4A70-425C-8053-032A67497BE7}"
EndProject
Global
	GlobalSection(SolutionConfigurationPlatforms) = preSolution
		Debug|Any CPU = Debug|Any CPU
		Release|Any CPU = Release|Any CPU
	EndGlobalSection
	GlobalSection(ProjectConfigurationPlatforms) = postSolution
		{5E44A89D-0145-4BB9-A241-DF8174294F23}.Debug|Any CPU.ActiveCfg = Debug|Any CPU
		{5E44A89D-0145-4BB9-A241-DF8174294F23}.Debug|Any CPU.Build.0 = Debug|Any CPU
		{5E44A89D-0145-4BB9-A241-DF8174294F23}.Release|Any CPU.ActiveCfg = Release|Any CPU
		{5E44A89D-0145-4BB9-A241-DF8174294F23}.Release|Any CPU.Build.0 = Release|Any CPU
		{85F2513F-001F-4443-B44B-C00CCC247C36}.Debug|Any CPU.ActiveCfg = Debug|Any CPU
		{85F2513F-001F-4443-B44B-C00CCC247C36}.Debug|Any CPU.Build.0 = Debug|Any CPU
		{85F2513F-001F-4443-B44B-C00CCC247C36}.Release|Any CPU.ActiveCfg = Release|Any CPU
		{85F2513F-001F-4443-B44B-C00CCC247C36}.Release|Any CPU.Build.0 = Release|Any CPU
		{9C7F5B78-B892-4E47-A52B-5913CB474221}.Debug|Any CPU.ActiveCfg = Debug|Any CPU
		{9C7F5B78-B892-4E47-A52B-5913CB474221}.Debug|Any CPU.Build.0 = Debug|Any CPU
		{9C7F5B78-B892-4E47-A52B-5913CB474221}.Release|Any CPU.ActiveCfg = Release|Any CPU
		{9C7F5B78-B892-4E47-A52B-5913CB474221}.Release|Any CPU.Build.0 = Release|Any CPU
		{5775AE8D-4A70-425C-8053-032A67497BE7}.Debug|Any CPU.ActiveCfg = Debug|Any CPU
		{5775AE8D-4A70-425C-8053-032A67497BE7}.Debug|Any CPU.Build.0 = Debug|Any CPU
		{5775AE8D-4A70-425C-8053-032A67497BE7}.Release|Any CPU.ActiveCfg = Release|Any CPU
		{5775AE8D-4A70-425C-8053-032A67497BE7}.Release|Any CPU.Build.0 = Release|Any CPU
	EndGlobalSection
	GlobalSection(SolutionProperties) = preSolution
		HideSolutionNode = FALSE
	EndGlobalSection
	GlobalSection(ExtensibilityGlobals) = postSolution
		EnterpriseLibraryConfigurationToolBinariesPath = packages\Unity.2.1.505.2\lib\NET35
	EndGlobalSection
EndGlobal
